
Microsoft Visual Studio Solution File, Format Version 12.00
# Visual Studio Version 16
VisualStudioVersion = 16.0.32802.440
MinimumVisualStudioVersion = 10.0.40219.1
Project("{FAE04EC0-301F-11D3-BF4B-00C04F79EFBC}") = "CultureInfoISO", "CultureInfoISO\CultureInfoISO.csproj", "{1AA5340C-6FF8-4967-A4F6-EA50E1DC03C0}"
EndProject
Project("{FAE04EC0-301F-11D3-BF4B-00C04F79EFBC}") = "GuatemalaBankCode", "GuatemalaBankCode\GuatemalaBankCode.csproj", "{3882E233-1D35-4BEE-A36D-373A82DBDF3E}"
EndProject
Project("{F2A71F9B-5D33-465A-A702-920D77279786}") = "AnalysisTrnasction", "AnalysisTrnasction\AnalysisTrnasction.fsproj", "{810D5D20-F7B4-4208-B769-7E060C4DE4F8}"
EndProject
Global
	GlobalSection(SolutionConfigurationPlatforms) = preSolution
		Debug|Any CPU = Debug|Any CPU
		Release|Any CPU = Release|Any CPU
	EndGlobalSection
	GlobalSection(ProjectConfigurationPlatforms) = postSolution
		{1AA5340C-6FF8-4967-A4F6-EA50E1DC03C0}.Debug|Any CPU.ActiveCfg = Debug|Any CPU
		{1AA5340C-6FF8-4967-A4F6-EA50E1DC03C0}.Debug|Any CPU.Build.0 = Debug|Any CPU
		{1AA5340C-6FF8-4967-A4F6-EA50E1DC03C0}.Release|Any CPU.ActiveCfg = Release|Any CPU
		{1AA5340C-6FF8-4967-A4F6-EA50E1DC03C0}.Release|Any CPU.Build.0 = Release|Any CPU
		{3882E233-1D35-4BEE-A36D-373A82DBDF3E}.Debug|Any CPU.ActiveCfg = Debug|Any CPU
		{3882E233-1D35-4BEE-A36D-373A82DBDF3E}.Debug|Any CPU.Build.0 = Debug|Any CPU
		{3882E233-1D35-4BEE-A36D-373A82DBDF3E}.Release|Any CPU.ActiveCfg = Release|Any CPU
		{3882E233-1D35-4BEE-A36D-373A82DBDF3E}.Release|Any CPU.Build.0 = Release|Any CPU
		{810D5D20-F7B4-4208-B769-7E060C4DE4F8}.Debug|Any CPU.ActiveCfg = Debug|Any CPU
		{810D5D20-F7B4-4208-B769-7E060C4DE4F8}.Debug|Any CPU.Build.0 = Debug|Any CPU
		{810D5D20-F7B4-4208-B769-7E060C4DE4F8}.Release|Any CPU.ActiveCfg = Release|Any CPU
		{810D5D20-F7B4-4208-B769-7E060C4DE4F8}.Release|Any CPU.Build.0 = Release|Any CPU
	EndGlobalSection
	GlobalSection(SolutionProperties) = preSolution
		HideSolutionNode = FALSE
	EndGlobalSection
	GlobalSection(ExtensibilityGlobals) = postSolution
		SolutionGuid = {C129A612-C086-4004-BDE6-20CEA3EA8325}
	EndGlobalSection
EndGlobal
